
Microsoft Visual Studio Solution File, Format Version 12.00
Project("{FAE04EC0-301F-11D3-BF4B-00C04F79EFBC}") = "ChaosMod3", "ChaosMod3\ChaosMod3.csproj", "{755E230D-1180-4139-9CA5-89D870768DAD}"
EndProject
Global
	GlobalSection(SolutionConfigurationPlatforms) = preSolution
		Debug|Any CPU = Debug|Any CPU
		Release|Any CPU = Release|Any CPU
	EndGlobalSection
	GlobalSection(ProjectConfigurationPlatforms) = postSolution
		{755E230D-1180-4139-9CA5-89D870768DAD}.Debug|Any CPU.ActiveCfg = Debug|Any CPU
		{755E230D-1180-4139-9CA5-89D870768DAD}.Debug|Any CPU.Build.0 = Debug|Any CPU
		{755E230D-1180-4139-9CA5-89D870768DAD}.Release|Any CPU.ActiveCfg = Release|Any CPU
		{755E230D-1180-4139-9CA5-89D870768DAD}.Release|Any CPU.Build.0 = Release|Any CPU
	EndGlobalSection
EndGlobal
